
Microsoft Visual Studio Solution File, Format Version 12.00
# Visual Studio 14
VisualStudioVersion = 14.0.25123.0
MinimumVisualStudioVersion = 10.0.40219.1
Project("{2150E333-8FDC-42A3-9474-1A3956D46DE8}") = "Engine", "Engine", "{69BEC394-EFF5-4C51-A2CA-8E9AA6952FA3}"
EndProject
Project("{2150E333-8FDC-42A3-9474-1A3956D46DE8}") = "Games", "Games", "{4A0026F8-D039-4951-BDBA-2FC4F40CDB4E}"
EndProject
Project("{8BC9CEB8-8B4A-11D0-8D11-00A0C91BC942}") = "UE4", "Intermediate\ProjectFiles\UE4.vcxproj", "{527093C5-7C65-43A5-9516-97B390D436BC}"
EndProject
Project("{8BC9CEB8-8B4A-11D0-8D11-00A0C91BC942}") = "Project_PlanetDef", "Intermediate\ProjectFiles\Project_PlanetDef.vcxproj", "{B0E50357-1684-4807-80DE-B0EF0299AEF8}"
EndProject
Global
	GlobalSection(SolutionConfigurationPlatforms) = preSolution
		DebugGame Editor|HTML5 = DebugGame Editor|HTML5
		DebugGame Editor|Win32 = DebugGame Editor|Win32
		DebugGame Editor|Win64 = DebugGame Editor|Win64
		DebugGame|HTML5 = DebugGame|HTML5
		DebugGame|Win32 = DebugGame|Win32
		DebugGame|Win64 = DebugGame|Win64
		Development Editor|HTML5 = Development Editor|HTML5
		Development Editor|Win32 = Development Editor|Win32
		Development Editor|Win64 = Development Editor|Win64
		Development|HTML5 = Development|HTML5
		Development|Win32 = Development|Win32
		Development|Win64 = Development|Win64
		Shipping|HTML5 = Shipping|HTML5
		Shipping|Win32 = Shipping|Win32
		Shipping|Win64 = Shipping|Win64
	EndGlobalSection
	GlobalSection(ProjectConfigurationPlatforms) = postSolution
		{527093C5-7C65-43A5-9516-97B390D436BC}.DebugGame Editor|HTML5.ActiveCfg = BuiltWithUnrealBuildTool|Win32
		{527093C5-7C65-43A5-9516-97B390D436BC}.DebugGame Editor|HTML5.Build.0 = BuiltWithUnrealBuildTool|Win32
		{527093C5-7C65-43A5-9516-97B390D436BC}.DebugGame Editor|Win32.ActiveCfg = BuiltWithUnrealBuildTool|Win32
		{527093C5-7C65-43A5-9516-97B390D436BC}.DebugGame Editor|Win32.Build.0 = BuiltWithUnrealBuildTool|Win32
		{527093C5-7C65-43A5-9516-97B390D436BC}.DebugGame Editor|Win64.ActiveCfg = BuiltWithUnrealBuildTool|Win32
		{527093C5-7C65-43A5-9516-97B390D436BC}.DebugGame Editor|Win64.Build.0 = BuiltWithUnrealBuildTool|Win32
		{527093C5-7C65-43A5-9516-97B390D436BC}.DebugGame|HTML5.ActiveCfg = BuiltWithUnrealBuildTool|Win32
		{527093C5-7C65-43A5-9516-97B390D436BC}.DebugGame|HTML5.Build.0 = BuiltWithUnrealBuildTool|Win32
		{527093C5-7C65-43A5-9516-97B390D436BC}.DebugGame|Win32.ActiveCfg = BuiltWithUnrealBuildTool|Win32
		{527093C5-7C65-43A5-9516-97B390D436BC}.DebugGame|Win32.Build.0 = BuiltWithUnrealBuildTool|Win32
		{527093C5-7C65-43A5-9516-97B390D436BC}.DebugGame|Win64.ActiveCfg = BuiltWithUnrealBuildTool|Win32
		{527093C5-7C65-43A5-9516-97B390D436BC}.DebugGame|Win64.Build.0 = BuiltWithUnrealBuildTool|Win32
		{527093C5-7C65-43A5-9516-97B390D436BC}.Development Editor|HTML5.ActiveCfg = BuiltWithUnrealBuildTool|Win32
		{527093C5-7C65-43A5-9516-97B390D436BC}.Development Editor|HTML5.Build.0 = BuiltWithUnrealBuildTool|Win32
		{527093C5-7C65-43A5-9516-97B390D436BC}.Development Editor|Win32.ActiveCfg = BuiltWithUnrealBuildTool|Win32
		{527093C5-7C65-43A5-9516-97B390D436BC}.Development Editor|Win32.Build.0 = BuiltWithUnrealBuildTool|Win32
		{527093C5-7C65-43A5-9516-97B390D436BC}.Development Editor|Win64.ActiveCfg = BuiltWithUnrealBuildTool|Win32
		{527093C5-7C65-43A5-9516-97B390D436BC}.Development Editor|Win64.Build.0 = BuiltWithUnrealBuildTool|Win32
		{527093C5-7C65-43A5-9516-97B390D436BC}.Development|HTML5.ActiveCfg = BuiltWithUnrealBuildTool|Win32
		{527093C5-7C65-43A5-9516-97B390D436BC}.Development|HTML5.Build.0 = BuiltWithUnrealBuildTool|Win32
		{527093C5-7C65-43A5-9516-97B390D436BC}.Development|Win32.ActiveCfg = BuiltWithUnrealBuildTool|Win32
		{527093C5-7C65-43A5-9516-97B390D436BC}.Development|Win32.Build.0 = BuiltWithUnrealBuildTool|Win32
		{527093C5-7C65-43A5-9516-97B390D436BC}.Development|Win64.ActiveCfg = BuiltWithUnrealBuildTool|Win32
		{527093C5-7C65-43A5-9516-97B390D436BC}.Development|Win64.Build.0 = BuiltWithUnrealBuildTool|Win32
		{527093C5-7C65-43A5-9516-97B390D436BC}.Shipping|HTML5.ActiveCfg = BuiltWithUnrealBuildTool|Win32
		{527093C5-7C65-43A5-9516-97B390D436BC}.Shipping|HTML5.Build.0 = BuiltWithUnrealBuildTool|Win32
		{527093C5-7C65-43A5-9516-97B390D436BC}.Shipping|Win32.ActiveCfg = BuiltWithUnrealBuildTool|Win32
		{527093C5-7C65-43A5-9516-97B390D436BC}.Shipping|Win32.Build.0 = BuiltWithUnrealBuildTool|Win32
		{527093C5-7C65-43A5-9516-97B390D436BC}.Shipping|Win64.ActiveCfg = BuiltWithUnrealBuildTool|Win32
		{527093C5-7C65-43A5-9516-97B390D436BC}.Shipping|Win64.Build.0 = BuiltWithUnrealBuildTool|Win32
		{B0E50357-1684-4807-80DE-B0EF0299AEF8}.DebugGame Editor|HTML5.ActiveCfg = HTML5_DebugGame_Editor|Win32
		{B0E50357-1684-4807-80DE-B0EF0299AEF8}.DebugGame Editor|Win32.ActiveCfg = DebugGame_Editor|Win32
		{B0E50357-1684-4807-80DE-B0EF0299AEF8}.DebugGame Editor|Win64.ActiveCfg = DebugGame_Editor|x64
		{B0E50357-1684-4807-80DE-B0EF0299AEF8}.DebugGame Editor|Win64.Build.0 = DebugGame_Editor|x64
		{B0E50357-1684-4807-80DE-B0EF0299AEF8}.DebugGame|HTML5.ActiveCfg = HTML5_DebugGame_Game|Win32
		{B0E50357-1684-4807-80DE-B0EF0299AEF8}.DebugGame|HTML5.Build.0 = HTML5_DebugGame_Game|Win32
		{B0E50357-1684-4807-80DE-B0EF0299AEF8}.DebugGame|Win32.ActiveCfg = DebugGame_Game|Win32
		{B0E50357-1684-4807-80DE-B0EF0299AEF8}.DebugGame|Win32.Build.0 = DebugGame_Game|Win32
		{B0E50357-1684-4807-80DE-B0EF0299AEF8}.DebugGame|Win64.ActiveCfg = DebugGame_Game|x64
		{B0E50357-1684-4807-80DE-B0EF0299AEF8}.DebugGame|Win64.Build.0 = DebugGame_Game|x64
		{B0E50357-1684-4807-80DE-B0EF0299AEF8}.Development Editor|HTML5.ActiveCfg = HTML5_Development_Editor|Win32
		{B0E50357-1684-4807-80DE-B0EF0299AEF8}.Development Editor|Win32.ActiveCfg = Development_Editor|Win32
		{B0E50357-1684-4807-80DE-B0EF0299AEF8}.Development Editor|Win64.ActiveCfg = Development_Editor|x64
		{B0E50357-1684-4807-80DE-B0EF0299AEF8}.Development Editor|Win64.Build.0 = Development_Editor|x64
		{B0E50357-1684-4807-80DE-B0EF0299AEF8}.Development|HTML5.ActiveCfg = HTML5_Development_Game|Win32
		{B0E50357-1684-4807-80DE-B0EF0299AEF8}.Development|HTML5.Build.0 = HTML5_Development_Game|Win32
		{B0E50357-1684-4807-80DE-B0EF0299AEF8}.Development|Win32.ActiveCfg = Development_Game|Win32
		{B0E50357-1684-4807-80DE-B0EF0299AEF8}.Development|Win32.Build.0 = Development_Game|Win32
		{B0E50357-1684-4807-80DE-B0EF0299AEF8}.Development|Win64.ActiveCfg = Development_Game|x64
		{B0E50357-1684-4807-80DE-B0EF0299AEF8}.Development|Win64.Build.0 = Development_Game|x64
		{B0E50357-1684-4807-80DE-B0EF0299AEF8}.Shipping|HTML5.ActiveCfg = HTML5_Shipping_Game|Win32
		{B0E50357-1684-4807-80DE-B0EF0299AEF8}.Shipping|HTML5.Build.0 = HTML5_Shipping_Game|Win32
		{B0E50357-1684-4807-80DE-B0EF0299AEF8}.Shipping|Win32.ActiveCfg = Shipping_Game|Win32
		{B0E50357-1684-4807-80DE-B0EF0299AEF8}.Shipping|Win32.Build.0 = Shipping_Game|Win32
		{B0E50357-1684-4807-80DE-B0EF0299AEF8}.Shipping|Win64.ActiveCfg = Shipping_Game|x64
		{B0E50357-1684-4807-80DE-B0EF0299AEF8}.Shipping|Win64.Build.0 = Shipping_Game|x64
	EndGlobalSection
	GlobalSection(SolutionProperties) = preSolution
		HideSolutionNode = FALSE
	EndGlobalSection
	GlobalSection(NestedProjects) = preSolution
		{527093C5-7C65-43A5-9516-97B390D436BC} = {69BEC394-EFF5-4C51-A2CA-8E9AA6952FA3}
		{B0E50357-1684-4807-80DE-B0EF0299AEF8} = {4A0026F8-D039-4951-BDBA-2FC4F40CDB4E}
	EndGlobalSection
EndGlobal
